
Microsoft Visual Studio Solution File, Format Version 12.00
# Visual Studio 15
VisualStudioVersion = 15.0.27703.2026
MinimumVisualStudioVersion = 10.0.40219.1
Project("{FAE04EC0-301F-11D3-BF4B-00C04F79EFBC}") = "UnderlinedLabel.Android", "UnderlinedLabel\UnderlinedLabel.Android\UnderlinedLabel.Android.csproj", "{299E15A6-B5EA-4C8F-BA82-EB89BFEF6A20}"
EndProject
Project("{FAE04EC0-301F-11D3-BF4B-00C04F79EFBC}") = "UnderlinedLabel.iOS", "UnderlinedLabel\UnderlinedLabel.iOS\UnderlinedLabel.iOS.csproj", "{FF1CCDAE-4467-40B8-B6AE-D0125367D418}"
EndProject
Project("{FAE04EC0-301F-11D3-BF4B-00C04F79EFBC}") = "UnderlinedLabel", "UnderlinedLabel\UnderlinedLabel\UnderlinedLabel.csproj", "{D51F5A63-35BE-46E0-88A0-05E4C19456BD}"
EndProject
Global
	GlobalSection(SolutionConfigurationPlatforms) = preSolution
		Ad-Hoc|Any CPU = Ad-Hoc|Any CPU
		Ad-Hoc|iPhone = Ad-Hoc|iPhone
		Ad-Hoc|iPhoneSimulator = Ad-Hoc|iPhoneSimulator
		AppStore|Any CPU = AppStore|Any CPU
		AppStore|iPhone = AppStore|iPhone
		AppStore|iPhoneSimulator = AppStore|iPhoneSimulator
		Debug|Any CPU = Debug|Any CPU
		Debug|iPhone = Debug|iPhone
		Debug|iPhoneSimulator = Debug|iPhoneSimulator
		Release|Any CPU = Release|Any CPU
		Release|iPhone = Release|iPhone
		Release|iPhoneSimulator = Release|iPhoneSimulator
	EndGlobalSection
	GlobalSection(ProjectConfigurationPlatforms) = postSolution
		{299E15A6-B5EA-4C8F-BA82-EB89BFEF6A20}.Ad-Hoc|Any CPU.ActiveCfg = Release|Any CPU
		{299E15A6-B5EA-4C8F-BA82-EB89BFEF6A20}.Ad-Hoc|Any CPU.Build.0 = Release|Any CPU
		{299E15A6-B5EA-4C8F-BA82-EB89BFEF6A20}.Ad-Hoc|Any CPU.Deploy.0 = Release|Any CPU
		{299E15A6-B5EA-4C8F-BA82-EB89BFEF6A20}.Ad-Hoc|iPhone.ActiveCfg = Release|Any CPU
		{299E15A6-B5EA-4C8F-BA82-EB89BFEF6A20}.Ad-Hoc|iPhone.Build.0 = Release|Any CPU
		{299E15A6-B5EA-4C8F-BA82-EB89BFEF6A20}.Ad-Hoc|iPhone.Deploy.0 = Release|Any CPU
		{299E15A6-B5EA-4C8F-BA82-EB89BFEF6A20}.Ad-Hoc|iPhoneSimulator.ActiveCfg = Release|Any CPU
		{299E15A6-B5EA-4C8F-BA82-EB89BFEF6A20}.Ad-Hoc|iPhoneSimulator.Build.0 = Release|Any CPU
		{299E15A6-B5EA-4C8F-BA82-EB89BFEF6A20}.Ad-Hoc|iPhoneSimulator.Deploy.0 = Release|Any CPU
		{299E15A6-B5EA-4C8F-BA82-EB89BFEF6A20}.AppStore|Any CPU.ActiveCfg = Release|Any CPU
		{299E15A6-B5EA-4C8F-BA82-EB89BFEF6A20}.AppStore|Any CPU.Build.0 = Release|Any CPU
		{299E15A6-B5EA-4C8F-BA82-EB89BFEF6A20}.AppStore|Any CPU.Deploy.0 = Release|Any CPU
		{299E15A6-B5EA-4C8F-BA82-EB89BFEF6A20}.AppStore|iPhone.ActiveCfg = Release|Any CPU
		{299E15A6-B5EA-4C8F-BA82-EB89BFEF6A20}.AppStore|iPhone.Build.0 = Release|Any CPU
		{299E15A6-B5EA-4C8F-BA82-EB89BFEF6A20}.AppStore|iPhone.Deploy.0 = Release|Any CPU
		{299E15A6-B5EA-4C8F-BA82-EB89BFEF6A20}.AppStore|iPhoneSimulator.ActiveCfg = Release|Any CPU
		{299E15A6-B5EA-4C8F-BA82-EB89BFEF6A20}.AppStore|iPhoneSimulator.Build.0 = Release|Any CPU
		{299E15A6-B5EA-4C8F-BA82-EB89BFEF6A20}.AppStore|iPhoneSimulator.Deploy.0 = Release|Any CPU
		{299E15A6-B5EA-4C8F-BA82-EB89BFEF6A20}.Debug|Any CPU.ActiveCfg = Debug|Any CPU
		{299E15A6-B5EA-4C8F-BA82-EB89BFEF6A20}.Debug|Any CPU.Build.0 = Debug|Any CPU
		{299E15A6-B5EA-4C8F-BA82-EB89BFEF6A20}.Debug|Any CPU.Deploy.0 = Debug|Any CPU
		{299E15A6-B5EA-4C8F-BA82-EB89BFEF6A20}.Debug|iPhone.ActiveCfg = Debug|Any CPU
		{299E15A6-B5EA-4C8F-BA82-EB89BFEF6A20}.Debug|iPhone.Build.0 = Debug|Any CPU
		{299E15A6-B5EA-4C8F-BA82-EB89BFEF6A20}.Debug|iPhone.Deploy.0 = Debug|Any CPU
		{299E15A6-B5EA-4C8F-BA82-EB89BFEF6A20}.Debug|iPhoneSimulator.ActiveCfg = Debug|Any CPU
		{299E15A6-B5EA-4C8F-BA82-EB89BFEF6A20}.Debug|iPhoneSimulator.Build.0 = Debug|Any CPU
		{299E15A6-B5EA-4C8F-BA82-EB89BFEF6A20}.Debug|iPhoneSimulator.Deploy.0 = Debug|Any CPU
		{299E15A6-B5EA-4C8F-BA82-EB89BFEF6A20}.Release|Any CPU.ActiveCfg = Release|Any CPU
		{299E15A6-B5EA-4C8F-BA82-EB89BFEF6A20}.Release|Any CPU.Build.0 = Release|Any CPU
		{299E15A6-B5EA-4C8F-BA82-EB89BFEF6A20}.Release|Any CPU.Deploy.0 = Release|Any CPU
		{299E15A6-B5EA-4C8F-BA82-EB89BFEF6A20}.Release|iPhone.ActiveCfg = Release|Any CPU
		{299E15A6-B5EA-4C8F-BA82-EB89BFEF6A20}.Release|iPhone.Build.0 = Release|Any CPU
		{299E15A6-B5EA-4C8F-BA82-EB89BFEF6A20}.Release|iPhone.Deploy.0 = Release|Any CPU
		{299E15A6-B5EA-4C8F-BA82-EB89BFEF6A20}.Release|iPhoneSimulator.ActiveCfg = Release|Any CPU
		{299E15A6-B5EA-4C8F-BA82-EB89BFEF6A20}.Release|iPhoneSimulator.Build.0 = Release|Any CPU
		{299E15A6-B5EA-4C8F-BA82-EB89BFEF6A20}.Release|iPhoneSimulator.Deploy.0 = Release|Any CPU
		{FF1CCDAE-4467-40B8-B6AE-D0125367D418}.Ad-Hoc|Any CPU.ActiveCfg = Ad-Hoc|iPhone
		{FF1CCDAE-4467-40B8-B6AE-D0125367D418}.Ad-Hoc|Any CPU.Build.0 = Ad-Hoc|iPhone
		{FF1CCDAE-4467-40B8-B6AE-D0125367D418}.Ad-Hoc|Any CPU.Deploy.0 = Ad-Hoc|iPhone
		{FF1CCDAE-4467-40B8-B6AE-D0125367D418}.Ad-Hoc|iPhone.ActiveCfg = Ad-Hoc|iPhone
		{FF1CCDAE-4467-40B8-B6AE-D0125367D418}.Ad-Hoc|iPhone.Build.0 = Ad-Hoc|iPhone
		{FF1CCDAE-4467-40B8-B6AE-D0125367D418}.Ad-Hoc|iPhone.Deploy.0 = Ad-Hoc|iPhone
		{FF1CCDAE-4467-40B8-B6AE-D0125367D418}.Ad-Hoc|iPhoneSimulator.ActiveCfg = Ad-Hoc|iPhoneSimulator
		{FF1CCDAE-4467-40B8-B6AE-D0125367D418}.Ad-Hoc|iPhoneSimulator.Build.0 = Ad-Hoc|iPhoneSimulator
		{FF1CCDAE-4467-40B8-B6AE-D0125367D418}.Ad-Hoc|iPhoneSimulator.Deploy.0 = Ad-Hoc|iPhoneSimulator
		{FF1CCDAE-4467-40B8-B6AE-D0125367D418}.AppStore|Any CPU.ActiveCfg = AppStore|iPhone
		{FF1CCDAE-4467-40B8-B6AE-D0125367D418}.AppStore|Any CPU.Build.0 = AppStore|iPhone
		{FF1CCDAE-4467-40B8-B6AE-D0125367D418}.AppStore|Any CPU.Deploy.0 = AppStore|iPhone
		{FF1CCDAE-4467-40B8-B6AE-D0125367D418}.AppStore|iPhone.ActiveCfg = AppStore|iPhone
		{FF1CCDAE-4467-40B8-B6AE-D0125367D418}.AppStore|iPhone.Build.0 = AppStore|iPhone
		{FF1CCDAE-4467-40B8-B6AE-D0125367D418}.AppStore|iPhone.Deploy.0 = AppStore|iPhone
		{FF1CCDAE-4467-40B8-B6AE-D0125367D418}.AppStore|iPhoneSimulator.ActiveCfg = AppStore|iPhoneSimulator
		{FF1CCDAE-4467-40B8-B6AE-D0125367D418}.AppStore|iPhoneSimulator.Build.0 = AppStore|iPhoneSimulator
		{FF1CCDAE-4467-40B8-B6AE-D0125367D418}.AppStore|iPhoneSimulator.Deploy.0 = AppStore|iPhoneSimulator
		{FF1CCDAE-4467-40B8-B6AE-D0125367D418}.Debug|Any CPU.ActiveCfg = Debug|iPhoneSimulator
		{FF1CCDAE-4467-40B8-B6AE-D0125367D418}.Debug|Any CPU.Build.0 = Debug|iPhoneSimulator
		{FF1CCDAE-4467-40B8-B6AE-D0125367D418}.Debug|Any CPU.Deploy.0 = Debug|iPhoneSimulator
		{FF1CCDAE-4467-40B8-B6AE-D0125367D418}.Debug|iPhone.ActiveCfg = Debug|iPhone
		{FF1CCDAE-4467-40B8-B6AE-D0125367D418}.Debug|iPhone.Build.0 = Debug|iPhone
		{FF1CCDAE-4467-40B8-B6AE-D0125367D418}.Debug|iPhone.Deploy.0 = Debug|iPhone
		{FF1CCDAE-4467-40B8-B6AE-D0125367D418}.Debug|iPhoneSimulator.ActiveCfg = Debug|iPhoneSimulator
		{FF1CCDAE-4467-40B8-B6AE-D0125367D418}.Debug|iPhoneSimulator.Build.0 = Debug|iPhoneSimulator
		{FF1CCDAE-4467-40B8-B6AE-D0125367D418}.Debug|iPhoneSimulator.Deploy.0 = Debug|iPhoneSimulator
		{FF1CCDAE-4467-40B8-B6AE-D0125367D418}.Release|Any CPU.ActiveCfg = Release|iPhone
		{FF1CCDAE-4467-40B8-B6AE-D0125367D418}.Release|Any CPU.Build.0 = Release|iPhone
		{FF1CCDAE-4467-40B8-B6AE-D0125367D418}.Release|Any CPU.Deploy.0 = Release|iPhone
		{FF1CCDAE-4467-40B8-B6AE-D0125367D418}.Release|iPhone.ActiveCfg = Release|iPhone
		{FF1CCDAE-4467-40B8-B6AE-D0125367D418}.Release|iPhone.Build.0 = Release|iPhone
		{FF1CCDAE-4467-40B8-B6AE-D0125367D418}.Release|iPhone.Deploy.0 = Release|iPhone
		{FF1CCDAE-4467-40B8-B6AE-D0125367D418}.Release|iPhoneSimulator.ActiveCfg = Release|iPhoneSimulator
		{FF1CCDAE-4467-40B8-B6AE-D0125367D418}.Release|iPhoneSimulator.Build.0 = Release|iPhoneSimulator
		{FF1CCDAE-4467-40B8-B6AE-D0125367D418}.Release|iPhoneSimulator.Deploy.0 = Release|iPhoneSimulator
		{D51F5A63-35BE-46E0-88A0-05E4C19456BD}.Ad-Hoc|Any CPU.ActiveCfg = Debug|Any CPU
		{D51F5A63-35BE-46E0-88A0-05E4C19456BD}.Ad-Hoc|Any CPU.Build.0 = Debug|Any CPU
		{D51F5A63-35BE-46E0-88A0-05E4C19456BD}.Ad-Hoc|Any CPU.Deploy.0 = Debug|Any CPU
		{D51F5A63-35BE-46E0-88A0-05E4C19456BD}.Ad-Hoc|iPhone.ActiveCfg = Debug|Any CPU
		{D51F5A63-35BE-46E0-88A0-05E4C19456BD}.Ad-Hoc|iPhone.Build.0 = Debug|Any CPU
		{D51F5A63-35BE-46E0-88A0-05E4C19456BD}.Ad-Hoc|iPhone.Deploy.0 = Debug|Any CPU
		{D51F5A63-35BE-46E0-88A0-05E4C19456BD}.Ad-Hoc|iPhoneSimulator.ActiveCfg = Debug|Any CPU
		{D51F5A63-35BE-46E0-88A0-05E4C19456BD}.Ad-Hoc|iPhoneSimulator.Build.0 = Debug|Any CPU
		{D51F5A63-35BE-46E0-88A0-05E4C19456BD}.Ad-Hoc|iPhoneSimulator.Deploy.0 = Debug|Any CPU
		{D51F5A63-35BE-46E0-88A0-05E4C19456BD}.AppStore|Any CPU.ActiveCfg = Debug|Any CPU
		{D51F5A63-35BE-46E0-88A0-05E4C19456BD}.AppStore|Any CPU.Build.0 = Debug|Any CPU
		{D51F5A63-35BE-46E0-88A0-05E4C19456BD}.AppStore|Any CPU.Deploy.0 = Debug|Any CPU
		{D51F5A63-35BE-46E0-88A0-05E4C19456BD}.AppStore|iPhone.ActiveCfg = Debug|Any CPU
		{D51F5A63-35BE-46E0-88A0-05E4C19456BD}.AppStore|iPhone.Build.0 = Debug|Any CPU
		{D51F5A63-35BE-46E0-88A0-05E4C19456BD}.AppStore|iPhone.Deploy.0 = Debug|Any CPU
		{D51F5A63-35BE-46E0-88A0-05E4C19456BD}.AppStore|iPhoneSimulator.ActiveCfg = Debug|Any CPU
		{D51F5A63-35BE-46E0-88A0-05E4C19456BD}.AppStore|iPhoneSimulator.Build.0 = Debug|Any CPU
		{D51F5A63-35BE-46E0-88A0-05E4C19456BD}.AppStore|iPhoneSimulator.Deploy.0 = Debug|Any CPU
		{D51F5A63-35BE-46E0-88A0-05E4C19456BD}.Debug|Any CPU.ActiveCfg = Debug|Any CPU
		{D51F5A63-35BE-46E0-88A0-05E4C19456BD}.Debug|Any CPU.Build.0 = Debug|Any CPU
		{D51F5A63-35BE-46E0-88A0-05E4C19456BD}.Debug|Any CPU.Deploy.0 = Debug|Any CPU
		{D51F5A63-35BE-46E0-88A0-05E4C19456BD}.Debug|iPhone.ActiveCfg = Debug|Any CPU
		{D51F5A63-35BE-46E0-88A0-05E4C19456BD}.Debug|iPhone.Build.0 = Debug|Any CPU
		{D51F5A63-35BE-46E0-88A0-05E4C19456BD}.Debug|iPhone.Deploy.0 = Debug|Any CPU
		{D51F5A63-35BE-46E0-88A0-05E4C19456BD}.Debug|iPhoneSimulator.ActiveCfg = Debug|Any CPU
		{D51F5A63-35BE-46E0-88A0-05E4C19456BD}.Debug|iPhoneSimulator.Build.0 = Debug|Any CPU
		{D51F5A63-35BE-46E0-88A0-05E4C19456BD}.Debug|iPhoneSimulator.Deploy.0 = Debug|Any CPU
		{D51F5A63-35BE-46E0-88A0-05E4C19456BD}.Release|Any CPU.ActiveCfg = Release|Any CPU
		{D51F5A63-35BE-46E0-88A0-05E4C19456BD}.Release|Any CPU.Build.0 = Release|Any CPU
		{D51F5A63-35BE-46E0-88A0-05E4C19456BD}.Release|Any CPU.Deploy.0 = Release|Any CPU
		{D51F5A63-35BE-46E0-88A0-05E4C19456BD}.Release|iPhone.ActiveCfg = Release|Any CPU
		{D51F5A63-35BE-46E0-88A0-05E4C19456BD}.Release|iPhone.Build.0 = Release|Any CPU
		{D51F5A63-35BE-46E0-88A0-05E4C19456BD}.Release|iPhone.Deploy.0 = Release|Any CPU
		{D51F5A63-35BE-46E0-88A0-05E4C19456BD}.Release|iPhoneSimulator.ActiveCfg = Release|Any CPU
		{D51F5A63-35BE-46E0-88A0-05E4C19456BD}.Release|iPhoneSimulator.Build.0 = Release|Any CPU
		{D51F5A63-35BE-46E0-88A0-05E4C19456BD}.Release|iPhoneSimulator.Deploy.0 = Release|Any CPU
	EndGlobalSection
	GlobalSection(SolutionProperties) = preSolution
		HideSolutionNode = FALSE
	EndGlobalSection
	GlobalSection(ExtensibilityGlobals) = postSolution
		SolutionGuid = {A2750F09-E32A-4CED-AD03-391F1A5FEB72}
	EndGlobalSection
EndGlobal
